
Microsoft Visual Studio Solution File, Format Version 12.00
# Visual Studio Version 17
VisualStudioVersion = 17.8.34309.116
MinimumVisualStudioVersion = 10.0.40219.1
Project("{FAE04EC0-301F-11D3-BF4B-00C04F79EFBC}") = "CurrentDistribute", "CurrentDistribute\CurrentDistribute.csproj", "{386E4DDF-F90C-4662-9F00-39C60B61DBAB}"
EndProject
Global
	GlobalSection(SolutionConfigurationPlatforms) = preSolution
		Debug|Any CPU = Debug|Any CPU
		Release|Any CPU = Release|Any CPU
	EndGlobalSection
	GlobalSection(ProjectConfigurationPlatforms) = postSolution
		{386E4DDF-F90C-4662-9F00-39C60B61DBAB}.Debug|Any CPU.ActiveCfg = Debug|Any CPU
		{386E4DDF-F90C-4662-9F00-39C60B61DBAB}.Debug|Any CPU.Build.0 = Debug|Any CPU
		{386E4DDF-F90C-4662-9F00-39C60B61DBAB}.Release|Any CPU.ActiveCfg = Release|Any CPU
		{386E4DDF-F90C-4662-9F00-39C60B61DBAB}.Release|Any CPU.Build.0 = Release|Any CPU
	EndGlobalSection
	GlobalSection(SolutionProperties) = preSolution
		HideSolutionNode = FALSE
	EndGlobalSection
	GlobalSection(ExtensibilityGlobals) = postSolution
		SolutionGuid = {2121A6B5-C2D6-4702-9938-E6468F5CAD6F}
	EndGlobalSection
EndGlobal
